
Microsoft Visual Studio Solution File, Format Version 12.00
# Visual Studio Version 17
VisualStudioVersion = 17.4.33213.308
MinimumVisualStudioVersion = 10.0.40219.1
Project("{2150E333-8FDC-42A3-9474-1A3956D46DE8}") = "Services", "Services", "{0AD98E31-AAF9-41EA-A9EC-22A7E823DA17}"
EndProject
Project("{2150E333-8FDC-42A3-9474-1A3956D46DE8}") = "Catalog", "Catalog", "{427D0205-CF9D-44F3-AC67-431319359FBD}"
EndProject
Project("{9A19103F-16F7-4668-BE54-9A1E7A4F7556}") = "Catalog.API", "Services\Catalog\Catalog.API\Catalog.API.csproj", "{61FC0C53-5ACC-402F-BF40-29C636E144A4}"
EndProject
Project("{E53339B2-1760-4266-BCC7-CA923CBCF16C}") = "docker-compose", "docker-compose.dcproj", "{64C5767B-141F-4F72-8D52-2BDF7ED7286F}"
EndProject
Project("{2150E333-8FDC-42A3-9474-1A3956D46DE8}") = "Basket", "Basket", "{EE57319C-FF88-4D3F-B5D8-54F45465DA1A}"
EndProject
Project("{9A19103F-16F7-4668-BE54-9A1E7A4F7556}") = "Basket.API", "Services\Basket\Basket.API\Basket.API.csproj", "{45E7A38C-E364-4BEE-BC48-3472D8557197}"
EndProject
Project("{2150E333-8FDC-42A3-9474-1A3956D46DE8}") = "Discount", "Discount", "{45A5574B-905D-481F-8658-69827C705852}"
EndProject
Project("{9A19103F-16F7-4668-BE54-9A1E7A4F7556}") = "Discount.API", "Services\Discount\Discount.API\Discount.API.csproj", "{F254ADA5-7D3E-4E0A-A0D0-074675A2725A}"
EndProject
Project("{9A19103F-16F7-4668-BE54-9A1E7A4F7556}") = "Discount.Grpc", "Services\Discount\Discount.Grpc\Discount.Grpc.csproj", "{9A5D49BF-8C3F-4AE8-B500-61BDF82970FA}"
EndProject
Project("{2150E333-8FDC-42A3-9474-1A3956D46DE8}") = "Ordering", "Ordering", "{CDFB7BFF-F328-4EBF-B2AB-2BACDA337266}"
EndProject
Project("{9A19103F-16F7-4668-BE54-9A1E7A4F7556}") = "Ordering.API", "Services\Ordering\Ordering.API\Ordering.API.csproj", "{73E34DCA-C3E5-44D7-A9E1-AD04220BB613}"
EndProject
Project("{9A19103F-16F7-4668-BE54-9A1E7A4F7556}") = "Ordering.Domain", "Services\Ordering\Ordering.Domain\Ordering.Domain.csproj", "{7D57CB14-237D-489A-91F1-F4811A378977}"
EndProject
Project("{9A19103F-16F7-4668-BE54-9A1E7A4F7556}") = "Ordering.Application", "Services\Ordering\Ordering.Application\Ordering.Application.csproj", "{C12F5ECC-BC61-4017-A809-897148D0ACEC}"
EndProject
Project("{9A19103F-16F7-4668-BE54-9A1E7A4F7556}") = "Ordering.Infrastructure", "Services\Ordering\Ordering.Infrastructure\Ordering.Infrastructure.csproj", "{73323CB7-B763-4B81-8687-FAA32D5EE415}"
EndProject
Project("{2150E333-8FDC-42A3-9474-1A3956D46DE8}") = "BuildingBlocks", "BuildingBlocks", "{AAC81218-7DE6-44F8-BED7-D32EE280509E}"
EndProject
Project("{9A19103F-16F7-4668-BE54-9A1E7A4F7556}") = "EventBus.Messages", "BuildingBlocks\EventBus.Messages\EventBus.Messages.csproj", "{29F472AF-4D69-45AE-8CE8-FE176520B057}"
EndProject
Project("{2150E333-8FDC-42A3-9474-1A3956D46DE8}") = "ApiGateways", "ApiGateways", "{3E9105A2-A516-4869-8C41-0EC0CF65D850}"
EndProject
Project("{9A19103F-16F7-4668-BE54-9A1E7A4F7556}") = "OcelotApiGw", "ApiGateways\OcelotApiGw\OcelotApiGw.csproj", "{4FBEECD6-BA3F-4AE5-A980-317037615DCE}"
EndProject
Project("{9A19103F-16F7-4668-BE54-9A1E7A4F7556}") = "Shopping.Aggregator", "ApiGateways\Shopping.Aggregator\Shopping.Aggregator.csproj", "{F6AC6CF8-1593-4432-A5E9-7F2CA6F27C77}"
EndProject
Project("{2150E333-8FDC-42A3-9474-1A3956D46DE8}") = "WebApps", "WebApps", "{A26D520A-F2A8-413A-8593-A21786AA0B88}"
EndProject
Project("{9A19103F-16F7-4668-BE54-9A1E7A4F7556}") = "AspnetRunBasics", "WebApps\AspnetRunBasics\AspnetRunBasics.csproj", "{F316B0B6-19C9-4C96-8EB9-EEC08EA5F638}"
EndProject
Global
	GlobalSection(SolutionConfigurationPlatforms) = preSolution
		Debug|Any CPU = Debug|Any CPU
		Release|Any CPU = Release|Any CPU
	EndGlobalSection
	GlobalSection(ProjectConfigurationPlatforms) = postSolution
		{61FC0C53-5ACC-402F-BF40-29C636E144A4}.Debug|Any CPU.ActiveCfg = Debug|Any CPU
		{61FC0C53-5ACC-402F-BF40-29C636E144A4}.Debug|Any CPU.Build.0 = Debug|Any CPU
		{61FC0C53-5ACC-402F-BF40-29C636E144A4}.Release|Any CPU.ActiveCfg = Release|Any CPU
		{61FC0C53-5ACC-402F-BF40-29C636E144A4}.Release|Any CPU.Build.0 = Release|Any CPU
		{64C5767B-141F-4F72-8D52-2BDF7ED7286F}.Debug|Any CPU.ActiveCfg = Debug|Any CPU
		{64C5767B-141F-4F72-8D52-2BDF7ED7286F}.Debug|Any CPU.Build.0 = Debug|Any CPU
		{64C5767B-141F-4F72-8D52-2BDF7ED7286F}.Release|Any CPU.ActiveCfg = Release|Any CPU
		{64C5767B-141F-4F72-8D52-2BDF7ED7286F}.Release|Any CPU.Build.0 = Release|Any CPU
		{45E7A38C-E364-4BEE-BC48-3472D8557197}.Debug|Any CPU.ActiveCfg = Debug|Any CPU
		{45E7A38C-E364-4BEE-BC48-3472D8557197}.Debug|Any CPU.Build.0 = Debug|Any CPU
		{45E7A38C-E364-4BEE-BC48-3472D8557197}.Release|Any CPU.ActiveCfg = Release|Any CPU
		{45E7A38C-E364-4BEE-BC48-3472D8557197}.Release|Any CPU.Build.0 = Release|Any CPU
		{F254ADA5-7D3E-4E0A-A0D0-074675A2725A}.Debug|Any CPU.ActiveCfg = Debug|Any CPU
		{F254ADA5-7D3E-4E0A-A0D0-074675A2725A}.Debug|Any CPU.Build.0 = Debug|Any CPU
		{F254ADA5-7D3E-4E0A-A0D0-074675A2725A}.Release|Any CPU.ActiveCfg = Release|Any CPU
		{F254ADA5-7D3E-4E0A-A0D0-074675A2725A}.Release|Any CPU.Build.0 = Release|Any CPU
		{9A5D49BF-8C3F-4AE8-B500-61BDF82970FA}.Debug|Any CPU.ActiveCfg = Debug|Any CPU
		{9A5D49BF-8C3F-4AE8-B500-61BDF82970FA}.Debug|Any CPU.Build.0 = Debug|Any CPU
		{9A5D49BF-8C3F-4AE8-B500-61BDF82970FA}.Release|Any CPU.ActiveCfg = Release|Any CPU
		{9A5D49BF-8C3F-4AE8-B500-61BDF82970FA}.Release|Any CPU.Build.0 = Release|Any CPU
		{73E34DCA-C3E5-44D7-A9E1-AD04220BB613}.Debug|Any CPU.ActiveCfg = Debug|Any CPU
		{73E34DCA-C3E5-44D7-A9E1-AD04220BB613}.Debug|Any CPU.Build.0 = Debug|Any CPU
		{73E34DCA-C3E5-44D7-A9E1-AD04220BB613}.Release|Any CPU.ActiveCfg = Release|Any CPU
		{73E34DCA-C3E5-44D7-A9E1-AD04220BB613}.Release|Any CPU.Build.0 = Release|Any CPU
		{7D57CB14-237D-489A-91F1-F4811A378977}.Debug|Any CPU.ActiveCfg = Debug|Any CPU
		{7D57CB14-237D-489A-91F1-F4811A378977}.Debug|Any CPU.Build.0 = Debug|Any CPU
		{7D57CB14-237D-489A-91F1-F4811A378977}.Release|Any CPU.ActiveCfg = Release|Any CPU
		{7D57CB14-237D-489A-91F1-F4811A378977}.Release|Any CPU.Build.0 = Release|Any CPU
		{C12F5ECC-BC61-4017-A809-897148D0ACEC}.Debug|Any CPU.ActiveCfg = Debug|Any CPU
		{C12F5ECC-BC61-4017-A809-897148D0ACEC}.Debug|Any CPU.Build.0 = Debug|Any CPU
		{C12F5ECC-BC61-4017-A809-897148D0ACEC}.Release|Any CPU.ActiveCfg = Release|Any CPU
		{C12F5ECC-BC61-4017-A809-897148D0ACEC}.Release|Any CPU.Build.0 = Release|Any CPU
		{73323CB7-B763-4B81-8687-FAA32D5EE415}.Debug|Any CPU.ActiveCfg = Debug|Any CPU
		{73323CB7-B763-4B81-8687-FAA32D5EE415}.Debug|Any CPU.Build.0 = Debug|Any CPU
		{73323CB7-B763-4B81-8687-FAA32D5EE415}.Release|Any CPU.ActiveCfg = Release|Any CPU
		{73323CB7-B763-4B81-8687-FAA32D5EE415}.Release|Any CPU.Build.0 = Release|Any CPU
		{29F472AF-4D69-45AE-8CE8-FE176520B057}.Debug|Any CPU.ActiveCfg = Debug|Any CPU
		{29F472AF-4D69-45AE-8CE8-FE176520B057}.Debug|Any CPU.Build.0 = Debug|Any CPU
		{29F472AF-4D69-45AE-8CE8-FE176520B057}.Release|Any CPU.ActiveCfg = Release|Any CPU
		{29F472AF-4D69-45AE-8CE8-FE176520B057}.Release|Any CPU.Build.0 = Release|Any CPU
		{4FBEECD6-BA3F-4AE5-A980-317037615DCE}.Debug|Any CPU.ActiveCfg = Debug|Any CPU
		{4FBEECD6-BA3F-4AE5-A980-317037615DCE}.Debug|Any CPU.Build.0 = Debug|Any CPU
		{4FBEECD6-BA3F-4AE5-A980-317037615DCE}.Release|Any CPU.ActiveCfg = Release|Any CPU
		{4FBEECD6-BA3F-4AE5-A980-317037615DCE}.Release|Any CPU.Build.0 = Release|Any CPU
		{F6AC6CF8-1593-4432-A5E9-7F2CA6F27C77}.Debug|Any CPU.ActiveCfg = Debug|Any CPU
		{F6AC6CF8-1593-4432-A5E9-7F2CA6F27C77}.Debug|Any CPU.Build.0 = Debug|Any CPU
		{F6AC6CF8-1593-4432-A5E9-7F2CA6F27C77}.Release|Any CPU.ActiveCfg = Release|Any CPU
		{F6AC6CF8-1593-4432-A5E9-7F2CA6F27C77}.Release|Any CPU.Build.0 = Release|Any CPU
		{F316B0B6-19C9-4C96-8EB9-EEC08EA5F638}.Debug|Any CPU.ActiveCfg = Debug|Any CPU
		{F316B0B6-19C9-4C96-8EB9-EEC08EA5F638}.Debug|Any CPU.Build.0 = Debug|Any CPU
		{F316B0B6-19C9-4C96-8EB9-EEC08EA5F638}.Release|Any CPU.ActiveCfg = Release|Any CPU
		{F316B0B6-19C9-4C96-8EB9-EEC08EA5F638}.Release|Any CPU.Build.0 = Release|Any CPU
	EndGlobalSection
	GlobalSection(SolutionProperties) = preSolution
		HideSolutionNode = FALSE
	EndGlobalSection
	GlobalSection(NestedProjects) = preSolution
		{427D0205-CF9D-44F3-AC67-431319359FBD} = {0AD98E31-AAF9-41EA-A9EC-22A7E823DA17}
		{61FC0C53-5ACC-402F-BF40-29C636E144A4} = {427D0205-CF9D-44F3-AC67-431319359FBD}
		{EE57319C-FF88-4D3F-B5D8-54F45465DA1A} = {0AD98E31-AAF9-41EA-A9EC-22A7E823DA17}
		{45E7A38C-E364-4BEE-BC48-3472D8557197} = {EE57319C-FF88-4D3F-B5D8-54F45465DA1A}
		{45A5574B-905D-481F-8658-69827C705852} = {0AD98E31-AAF9-41EA-A9EC-22A7E823DA17}
		{F254ADA5-7D3E-4E0A-A0D0-074675A2725A} = {45A5574B-905D-481F-8658-69827C705852}
		{9A5D49BF-8C3F-4AE8-B500-61BDF82970FA} = {45A5574B-905D-481F-8658-69827C705852}
		{CDFB7BFF-F328-4EBF-B2AB-2BACDA337266} = {0AD98E31-AAF9-41EA-A9EC-22A7E823DA17}
		{73E34DCA-C3E5-44D7-A9E1-AD04220BB613} = {CDFB7BFF-F328-4EBF-B2AB-2BACDA337266}
		{7D57CB14-237D-489A-91F1-F4811A378977} = {CDFB7BFF-F328-4EBF-B2AB-2BACDA337266}
		{C12F5ECC-BC61-4017-A809-897148D0ACEC} = {CDFB7BFF-F328-4EBF-B2AB-2BACDA337266}
		{73323CB7-B763-4B81-8687-FAA32D5EE415} = {CDFB7BFF-F328-4EBF-B2AB-2BACDA337266}
		{29F472AF-4D69-45AE-8CE8-FE176520B057} = {AAC81218-7DE6-44F8-BED7-D32EE280509E}
		{4FBEECD6-BA3F-4AE5-A980-317037615DCE} = {3E9105A2-A516-4869-8C41-0EC0CF65D850}
		{F6AC6CF8-1593-4432-A5E9-7F2CA6F27C77} = {3E9105A2-A516-4869-8C41-0EC0CF65D850}
		{F316B0B6-19C9-4C96-8EB9-EEC08EA5F638} = {A26D520A-F2A8-413A-8593-A21786AA0B88}
	EndGlobalSection
	GlobalSection(ExtensibilityGlobals) = postSolution
		SolutionGuid = {60732DB4-81DE-496B-9DA5-2F9C87A0E1AB}
	EndGlobalSection
EndGlobal
