
Microsoft Visual Studio Solution File, Format Version 12.00
# Visual Studio Version 17
VisualStudioVersion = 17.4.33213.308
MinimumVisualStudioVersion = 10.0.40219.1
Project("{2150E333-8FDC-42A3-9474-1A3956D46DE8}") = "Services", "Services", "{0AD98E31-AAF9-41EA-A9EC-22A7E823DA17}"
EndProject
Project("{2150E333-8FDC-42A3-9474-1A3956D46DE8}") = "Catalog", "Catalog", "{427D0205-CF9D-44F3-AC67-431319359FBD}"
EndProject
Project("{FAE04EC0-301F-11D3-BF4B-00C04F79EFBC}") = "Catalog.API", "Services\Catalog\Catalog.API\Catalog.API.csproj", "{61FC0C53-5ACC-402F-BF40-29C636E144A4}"
EndProject
Global
	GlobalSection(SolutionConfigurationPlatforms) = preSolution
		Debug|Any CPU = Debug|Any CPU
		Release|Any CPU = Release|Any CPU
	EndGlobalSection
	GlobalSection(ProjectConfigurationPlatforms) = postSolution
		{61FC0C53-5ACC-402F-BF40-29C636E144A4}.Debug|Any CPU.ActiveCfg = Debug|Any CPU
		{61FC0C53-5ACC-402F-BF40-29C636E144A4}.Debug|Any CPU.Build.0 = Debug|Any CPU
		{61FC0C53-5ACC-402F-BF40-29C636E144A4}.Release|Any CPU.ActiveCfg = Release|Any CPU
		{61FC0C53-5ACC-402F-BF40-29C636E144A4}.Release|Any CPU.Build.0 = Release|Any CPU
	EndGlobalSection
	GlobalSection(SolutionProperties) = preSolution
		HideSolutionNode = FALSE
	EndGlobalSection
	GlobalSection(NestedProjects) = preSolution
		{427D0205-CF9D-44F3-AC67-431319359FBD} = {0AD98E31-AAF9-41EA-A9EC-22A7E823DA17}
		{61FC0C53-5ACC-402F-BF40-29C636E144A4} = {427D0205-CF9D-44F3-AC67-431319359FBD}
	EndGlobalSection
	GlobalSection(ExtensibilityGlobals) = postSolution
		SolutionGuid = {60732DB4-81DE-496B-9DA5-2F9C87A0E1AB}
	EndGlobalSection
EndGlobal
